
Microsoft Visual Studio Solution File, Format Version 12.00
# Visual Studio 15
VisualStudioVersion = 15.0.28010.2036
MinimumVisualStudioVersion = 10.0.40219.1
Project("{9A19103F-16F7-4668-BE54-9A1E7A4F7556}") = "ZomatoDemo.Web", "ZomatoDemo\ZomatoDemo.Web.csproj", "{652AD625-1D76-441A-9931-0D8F8DE06903}"
EndProject
Project("{9A19103F-16F7-4668-BE54-9A1E7A4F7556}") = "ZomatoDemo.Repository", "ZomatoDemo.Repository\ZomatoDemo.Repository.csproj", "{81321040-8EE4-44AD-AA73-8C708F694598}"
EndProject
Project("{9A19103F-16F7-4668-BE54-9A1E7A4F7556}") = "ZomatoDemo.DomainModel", "ZomatoDemo.DomainModel\ZomatoDemo.DomainModel.csproj", "{2673FB70-A3D5-4B80-BE8E-15E89C252C68}"
EndProject
Project("{9A19103F-16F7-4668-BE54-9A1E7A4F7556}") = "ZomatoDemo.Core", "ZomatoDemo.core\ZomatoDemo.Core.csproj", "{6C98C13C-CF5D-4087-B92B-614F35C9FD2D}"
EndProject
Project("{9A19103F-16F7-4668-BE54-9A1E7A4F7556}") = "ZomatoDemo.Util", "ZomatoDemo.Util\ZomatoDemo.Util.csproj", "{0FA87743-8989-4F1E-8215-4C4E16B0D1CC}"
EndProject
Project("{FAE04EC0-301F-11D3-BF4B-00C04F79EFBC}") = "ZomatoDemo.Repository.Test", "ZomatoDemo.Repository.Test\ZomatoDemo.Repository.Test.csproj", "{C486C8A7-5CF9-4250-B400-B9275E0A81E1}"
EndProject
Global
	GlobalSection(SolutionConfigurationPlatforms) = preSolution
		Debug|Any CPU = Debug|Any CPU
		Release|Any CPU = Release|Any CPU
	EndGlobalSection
	GlobalSection(ProjectConfigurationPlatforms) = postSolution
		{652AD625-1D76-441A-9931-0D8F8DE06903}.Debug|Any CPU.ActiveCfg = Debug|Any CPU
		{652AD625-1D76-441A-9931-0D8F8DE06903}.Debug|Any CPU.Build.0 = Debug|Any CPU
		{652AD625-1D76-441A-9931-0D8F8DE06903}.Release|Any CPU.ActiveCfg = Release|Any CPU
		{652AD625-1D76-441A-9931-0D8F8DE06903}.Release|Any CPU.Build.0 = Release|Any CPU
		{81321040-8EE4-44AD-AA73-8C708F694598}.Debug|Any CPU.ActiveCfg = Debug|Any CPU
		{81321040-8EE4-44AD-AA73-8C708F694598}.Debug|Any CPU.Build.0 = Debug|Any CPU
		{81321040-8EE4-44AD-AA73-8C708F694598}.Release|Any CPU.ActiveCfg = Release|Any CPU
		{81321040-8EE4-44AD-AA73-8C708F694598}.Release|Any CPU.Build.0 = Release|Any CPU
		{2673FB70-A3D5-4B80-BE8E-15E89C252C68}.Debug|Any CPU.ActiveCfg = Debug|Any CPU
		{2673FB70-A3D5-4B80-BE8E-15E89C252C68}.Debug|Any CPU.Build.0 = Debug|Any CPU
		{2673FB70-A3D5-4B80-BE8E-15E89C252C68}.Release|Any CPU.ActiveCfg = Release|Any CPU
		{2673FB70-A3D5-4B80-BE8E-15E89C252C68}.Release|Any CPU.Build.0 = Release|Any CPU
		{6C98C13C-CF5D-4087-B92B-614F35C9FD2D}.Debug|Any CPU.ActiveCfg = Debug|Any CPU
		{6C98C13C-CF5D-4087-B92B-614F35C9FD2D}.Debug|Any CPU.Build.0 = Debug|Any CPU
		{6C98C13C-CF5D-4087-B92B-614F35C9FD2D}.Release|Any CPU.ActiveCfg = Release|Any CPU
		{6C98C13C-CF5D-4087-B92B-614F35C9FD2D}.Release|Any CPU.Build.0 = Release|Any CPU
		{0FA87743-8989-4F1E-8215-4C4E16B0D1CC}.Debug|Any CPU.ActiveCfg = Debug|Any CPU
		{0FA87743-8989-4F1E-8215-4C4E16B0D1CC}.Debug|Any CPU.Build.0 = Debug|Any CPU
		{0FA87743-8989-4F1E-8215-4C4E16B0D1CC}.Release|Any CPU.ActiveCfg = Release|Any CPU
		{0FA87743-8989-4F1E-8215-4C4E16B0D1CC}.Release|Any CPU.Build.0 = Release|Any CPU
		{C486C8A7-5CF9-4250-B400-B9275E0A81E1}.Debug|Any CPU.ActiveCfg = Debug|Any CPU
		{C486C8A7-5CF9-4250-B400-B9275E0A81E1}.Debug|Any CPU.Build.0 = Debug|Any CPU
		{C486C8A7-5CF9-4250-B400-B9275E0A81E1}.Release|Any CPU.ActiveCfg = Release|Any CPU
		{C486C8A7-5CF9-4250-B400-B9275E0A81E1}.Release|Any CPU.Build.0 = Release|Any CPU
	EndGlobalSection
	GlobalSection(SolutionProperties) = preSolution
		HideSolutionNode = FALSE
	EndGlobalSection
	GlobalSection(ExtensibilityGlobals) = postSolution
		SolutionGuid = {B956D250-D0D5-4B6E-A9C6-E466B88AE744}
	EndGlobalSection
EndGlobal
